# This file is automatically @generated by Cargo.
# It is not intended for manual editing.
[[package]]
name = "radium"
version = "0.3.0"
dependencies = [
 "static_assertions 1.0.0 (registry+https://github.com/rust-lang/crates.io-index)",
]

[[package]]
name = "static_assertions"
version = "1.0.0"
source = "registry+https://github.com/rust-lang/crates.io-index"

[metadata]
"checksum static_assertions 1.0.0 (registry+https://github.com/rust-lang/crates.io-index)" = "0fa13613355688665b68639b1c378a62dbedea78aff0fc59a4fa656cbbdec657"
